
Microsoft Visual Studio Solution File, Format Version 12.00
# Visual Studio 14
VisualStudioVersion = 14.0.24720.0
MinimumVisualStudioVersion = 10.0.40219.1
Project("{FAE04EC0-301F-11D3-BF4B-00C04F79EFBC}") = "TFramework.Website", "TFramework.Website\TFramework.Website.csproj", "{5AAC30CD-C09C-4055-A39D-0B53C1EA25B5}"
EndProject
Project("{FAE04EC0-301F-11D3-BF4B-00C04F79EFBC}") = "TFramework.BLL", "TFramework.BLL\TFramework.BLL.csproj", "{3C50EFC3-8F9C-4504-8076-8B567266B767}"
EndProject
Project("{FAE04EC0-301F-11D3-BF4B-00C04F79EFBC}") = "TFramework.DAL.HistoricalData", "TFramework.DAL.HistoricalData\TFramework.DAL.HistoricalData.csproj", "{D45EDDE2-443E-4D68-BAEB-BD7006B53241}"
EndProject
Project("{FAE04EC0-301F-11D3-BF4B-00C04F79EFBC}") = "TFramework.DAL.TrueFX", "TFramework.DAL.TrueFX\TFramework.DAL.TrueFX.csproj", "{1849FC3F-BB5F-406D-9608-768062177F99}"
EndProject
Project("{FAE04EC0-301F-11D3-BF4B-00C04F79EFBC}") = "TFramework.Service.HistoricalData", "TFramework.Service.HistoricalData\TFramework.Service.HistoricalData.csproj", "{9AA2646E-47A1-4A95-AD00-DFBF7391CB33}"
	ProjectSection(ProjectDependencies) = postProject
		{3C50EFC3-8F9C-4504-8076-8B567266B767} = {3C50EFC3-8F9C-4504-8076-8B567266B767}
	EndProjectSection
EndProject
Project("{FAE04EC0-301F-11D3-BF4B-00C04F79EFBC}") = "TFramework.Test", "TFramework.Test\TFramework.Test.csproj", "{0CB50B59-6F6B-4012-B1D3-E1ACF41D8C61}"
EndProject
Global
	GlobalSection(SolutionConfigurationPlatforms) = preSolution
		Debug|Any CPU = Debug|Any CPU
		Release|Any CPU = Release|Any CPU
	EndGlobalSection
	GlobalSection(ProjectConfigurationPlatforms) = postSolution
		{5AAC30CD-C09C-4055-A39D-0B53C1EA25B5}.Debug|Any CPU.ActiveCfg = Debug|Any CPU
		{5AAC30CD-C09C-4055-A39D-0B53C1EA25B5}.Debug|Any CPU.Build.0 = Debug|Any CPU
		{5AAC30CD-C09C-4055-A39D-0B53C1EA25B5}.Release|Any CPU.ActiveCfg = Release|Any CPU
		{5AAC30CD-C09C-4055-A39D-0B53C1EA25B5}.Release|Any CPU.Build.0 = Release|Any CPU
		{3C50EFC3-8F9C-4504-8076-8B567266B767}.Debug|Any CPU.ActiveCfg = Debug|Any CPU
		{3C50EFC3-8F9C-4504-8076-8B567266B767}.Debug|Any CPU.Build.0 = Debug|Any CPU
		{3C50EFC3-8F9C-4504-8076-8B567266B767}.Release|Any CPU.ActiveCfg = Release|Any CPU
		{3C50EFC3-8F9C-4504-8076-8B567266B767}.Release|Any CPU.Build.0 = Release|Any CPU
		{D45EDDE2-443E-4D68-BAEB-BD7006B53241}.Debug|Any CPU.ActiveCfg = Debug|Any CPU
		{D45EDDE2-443E-4D68-BAEB-BD7006B53241}.Debug|Any CPU.Build.0 = Debug|Any CPU
		{D45EDDE2-443E-4D68-BAEB-BD7006B53241}.Release|Any CPU.ActiveCfg = Release|Any CPU
		{D45EDDE2-443E-4D68-BAEB-BD7006B53241}.Release|Any CPU.Build.0 = Release|Any CPU
		{1849FC3F-BB5F-406D-9608-768062177F99}.Debug|Any CPU.ActiveCfg = Debug|Any CPU
		{1849FC3F-BB5F-406D-9608-768062177F99}.Debug|Any CPU.Build.0 = Debug|Any CPU
		{1849FC3F-BB5F-406D-9608-768062177F99}.Release|Any CPU.ActiveCfg = Release|Any CPU
		{1849FC3F-BB5F-406D-9608-768062177F99}.Release|Any CPU.Build.0 = Release|Any CPU
		{9AA2646E-47A1-4A95-AD00-DFBF7391CB33}.Debug|Any CPU.ActiveCfg = Debug|Any CPU
		{9AA2646E-47A1-4A95-AD00-DFBF7391CB33}.Debug|Any CPU.Build.0 = Debug|Any CPU
		{9AA2646E-47A1-4A95-AD00-DFBF7391CB33}.Release|Any CPU.ActiveCfg = Release|Any CPU
		{9AA2646E-47A1-4A95-AD00-DFBF7391CB33}.Release|Any CPU.Build.0 = Release|Any CPU
		{0CB50B59-6F6B-4012-B1D3-E1ACF41D8C61}.Debug|Any CPU.ActiveCfg = Debug|Any CPU
		{0CB50B59-6F6B-4012-B1D3-E1ACF41D8C61}.Debug|Any CPU.Build.0 = Debug|Any CPU
		{0CB50B59-6F6B-4012-B1D3-E1ACF41D8C61}.Release|Any CPU.ActiveCfg = Release|Any CPU
		{0CB50B59-6F6B-4012-B1D3-E1ACF41D8C61}.Release|Any CPU.Build.0 = Release|Any CPU
	EndGlobalSection
	GlobalSection(SolutionProperties) = preSolution
		HideSolutionNode = FALSE
	EndGlobalSection
EndGlobal
